// !$*UTF8*$!
{
	archiveVersion = 1;
	classes = {
	};
	objectVersion = 48;
	objects = {

/* Begin PBXBuildFile section */
		152879EC1F810C5200438DAC /* AppDelegate.swift in Sources */ = {isa = PBXBuildFile; fileRef = 152879EB1F810C5200438DAC /* AppDelegate.swift */; };
		152879EE1F810C5200438DAC /* CameraVC.swift in Sources */ = {isa = PBXBuildFile; fileRef = 152879ED1F810C5200438DAC /* CameraVC.swift */; };
		152879F11F810C5200438DAC /* Main.storyboard in Resources */ = {isa = PBXBuildFile; fileRef = 152879EF1F810C5200438DAC /* Main.storyboard */; };
		152879F31F810C5200438DAC /* Assets.xcassets in Resources */ = {isa = PBXBuildFile; fileRef = 152879F21F810C5200438DAC /* Assets.xcassets */; };
		152879F61F810C5200438DAC /* LaunchScreen.storyboard in Resources */ = {isa = PBXBuildFile; fileRef = 152879F41F810C5200438DAC /* LaunchScreen.storyboard */; };
		15287A011F81191400438DAC /* RoundedShadowView.swift in Sources */ = {isa = PBXBuildFile; fileRef = 15287A001F81191400438DAC /* RoundedShadowView.swift */; };
		15287A031F811B6D00438DAC /* RoundedShadowButtom.swift in Sources */ = {isa = PBXBuildFile; fileRef = 15287A021F811B6D00438DAC /* RoundedShadowButtom.swift */; };
		15287A061F811BF900438DAC /* RoundedShadowimageView.swift in Sources */ = {isa = PBXBuildFile; fileRef = 15287A051F811BF900438DAC /* RoundedShadowimageView.swift */; };
/* End PBXBuildFile section */

/* Begin PBXFileReference section */
		150072701F8134D8008FCA9D /* SqueezeNet.mlmodel */ = {isa = PBXFileReference; lastKnownFileType = file.mlmodel; path = SqueezeNet.mlmodel; sourceTree = "<group>"; };
		152879E81F810C5200438DAC /* geek-vision.app */ = {isa = PBXFileReference; explicitFileType = wrapper.application; includeInIndex = 0; path = "geek-vision.app"; sourceTree = BUILT_PRODUCTS_DIR; };
		152879EB1F810C5200438DAC /* AppDelegate.swift */ = {isa = PBXFileReference; lastKnownFileType = sourcecode.swift; path = AppDelegate.swift; sourceTree = "<group>"; };
		152879ED1F810C5200438DAC /* CameraVC.swift */ = {isa = PBXFileReference; lastKnownFileType = sourcecode.swift; path = CameraVC.swift; sourceTree = "<group>"; };
		152879F01F810C5200438DAC /* Base */ = {isa = PBXFileReference; lastKnownFileType = file.storyboard; name = Base; path = Base.lproj/Main.storyboard; sourceTree = "<group>"; };
		152879F21F810C5200438DAC /* Assets.xcassets */ = {isa = PBXFileReference; lastKnownFileType = folder.assetcatalog; path = Assets.xcassets; sourceTree = "<group>"; };
		152879F51F810C5200438DAC /* Base */ = {isa = PBXFileReference; lastKnownFileType = file.storyboard; name = Base; path = Base.lproj/LaunchScreen.storyboard; sourceTree = "<group>"; };
		152879F71F810C5200438DAC /* Info.plist */ = {isa = PBXFileReference; lastKnownFileType = text.plist.xml; path = Info.plist; sourceTree = "<group>"; };
		15287A001F81191400438DAC /* RoundedShadowView.swift */ = {isa = PBXFileReference; lastKnownFileType = sourcecode.swift; path = RoundedShadowView.swift; sourceTree = "<group>"; };
		15287A021F811B6D00438DAC /* RoundedShadowButtom.swift */ = {isa = PBXFileReference; lastKnownFileType = sourcecode.swift; path = RoundedShadowButtom.swift; sourceTree = "<group>"; };
		15287A051F811BF900438DAC /* RoundedShadowimageView.swift */ = {isa = PBXFileReference; lastKnownFileType = sourcecode.swift; path = RoundedShadowimageView.swift; sourceTree = "<group>"; };
/* End PBXFileReference section */

/* Begin PBXFrameworksBuildPhase section */
		152879E51F810C5200438DAC /* Frameworks */ = {
			isa = PBXFrameworksBuildPhase;
			buildActionMask = 2147483647;
			files = (
			);
			runOnlyForDeploymentPostprocessing = 0;
		};
/* End PBXFrameworksBuildPhase section */

/* Begin PBXGroup section */
		152879DF1F810C5200438DAC = {
			isa = PBXGroup;
			children = (
				152879EA1F810C5200438DAC /* geek-vision */,
				152879E91F810C5200438DAC /* Products */,
			);
			sourceTree = "<group>";
		};
		152879E91F810C5200438DAC /* Products */ = {
			isa = PBXGroup;
			children = (
				152879E81F810C5200438DAC /* geek-vision.app */,
			);
			name = Products;
			sourceTree = "<group>";
		};
		152879EA1F810C5200438DAC /* geek-vision */ = {
			isa = PBXGroup;
			children = (
				152879FF1F810F3900438DAC /* Resources */,
				152879FE1F810F2B00438DAC /* view */,
				152879FD1F810F0E00438DAC /* Controller */,
				152879EB1F810C5200438DAC /* AppDelegate.swift */,
				152879EF1F810C5200438DAC /* Main.storyboard */,
				152879F21F810C5200438DAC /* Assets.xcassets */,
				152879F41F810C5200438DAC /* LaunchScreen.storyboard */,
				152879F71F810C5200438DAC /* Info.plist */,
			);
			path = "geek-vision";
			sourceTree = "<group>";
		};
		152879FD1F810F0E00438DAC /* Controller */ = {
			isa = PBXGroup;
			children = (
				152879ED1F810C5200438DAC /* CameraVC.swift */,
			);
			path = Controller;
			sourceTree = "<group>";
		};
		152879FE1F810F2B00438DAC /* view */ = {
			isa = PBXGroup;
			children = (
				15287A001F81191400438DAC /* RoundedShadowView.swift */,
				15287A021F811B6D00438DAC /* RoundedShadowButtom.swift */,
				15287A051F811BF900438DAC /* RoundedShadowimageView.swift */,
			);
			path = view;
			sourceTree = "<group>";
		};
		152879FF1F810F3900438DAC /* Resources */ = {
			isa = PBXGroup;
			children = (
				150072701F8134D8008FCA9D /* SqueezeNet.mlmodel */,
			);
			path = Resources;
			sourceTree = "<group>";
		};
/* End PBXGroup section */

/* Begin PBXNativeTarget section */
		152879E71F810C5200438DAC /* geek-vision */ = {
			isa = PBXNativeTarget;
			buildConfigurationList = 152879FA1F810C5200438DAC /* Build configuration list for PBXNativeTarget "geek-vision" */;
			buildPhases = (
				152879E41F810C5200438DAC /* Sources */,
				152879E51F810C5200438DAC /* Frameworks */,
				152879E61F810C5200438DAC /* Resources */,
			);
			buildRules = (
			);
			dependencies = (
			);
			name = "geek-vision";
			productName = "geek-vision";
			productReference = 152879E81F810C5200438DAC /* geek-vision.app */;
			productType = "com.apple.product-type.application";
		};
/* End PBXNativeTarget section */

/* Begin PBXProject section */
		152879E01F810C5200438DAC /* Project object */ = {
			isa = PBXProject;
			attributes = {
				LastSwiftUpdateCheck = 0900;
				LastUpgradeCheck = 0900;
				ORGANIZATIONNAME = "Mohammad Yousefi";
				TargetAttributes = {
					152879E71F810C5200438DAC = {
						CreatedOnToolsVersion = 9.0;
						ProvisioningStyle = Automatic;
					};
				};
			};
			buildConfigurationList = 152879E31F810C5200438DAC /* Build configuration list for PBXProject "geek-vision" */;
			compatibilityVersion = "Xcode 8.0";
			developmentRegion = en;
			hasScannedForEncodings = 0;
			knownRegions = (
				en,
				Base,
			);
			mainGroup = 152879DF1F810C5200438DAC;
			productRefGroup = 152879E91F810C5200438DAC /* Products */;
			projectDirPath = "";
			projectRoot = "";
			targets = (
				152879E71F810C5200438DAC /* geek-vision */,
			);
		};
/* End PBXProject section */

/* Begin PBXResourcesBuildPhase section */
		152879E61F810C5200438DAC /* Resources */ = {
			isa = PBXResourcesBuildPhase;
			buildActionMask = 2147483647;
			files = (
				152879F61F810C5200438DAC /* LaunchScreen.storyboard in Resources */,
				152879F31F810C5200438DAC /* Assets.xcassets in Resources */,
				152879F11F810C5200438DAC /* Main.storyboard in Resources */,
			);
			runOnlyForDeploymentPostprocessing = 0;
		};
/* End PBXResourcesBuildPhase section */

/* Begin PBXSourcesBuildPhase section */
		152879E41F810C5200438DAC /* Sources */ = {
			isa = PBXSourcesBuildPhase;
			buildActionMask = 2147483647;
			files = (
				152879EE1F810C5200438DAC /* CameraVC.swift in Sources */,
				15287A061F811BF900438DAC /* RoundedShadowimageView.swift in Sources */,
				152879EC1F810C5200438DAC /* AppDelegate.swift in Sources */,
				15287A031F811B6D00438DAC /* RoundedShadowButtom.swift in Sources */,
				15287A011F81191400438DAC /* RoundedShadowView.swift in Sources */,
			);
			runOnlyForDeploymentPostprocessing = 0;
		};
/* End PBXSourcesBuildPhase section */

/* Begin PBXVariantGroup section */
		152879EF1F810C5200438DAC /* Main.storyboard */ = {
			isa = PBXVariantGroup;
			children = (
				152879F01F810C5200438DAC /* Base */,
			);
			name = Main.storyboard;
			sourceTree = "<group>";
		};
		152879F41F810C5200438DAC /* LaunchScreen.storyboard */ = {
			isa = PBXVariantGroup;
			children = (
				152879F51F810C5200438DAC /* Base */,
			);
			name = LaunchScreen.storyboard;
			sourceTree = "<group>";
		};
/* End PBXVariantGroup section */

/* Begin XCBuildConfiguration section */
		152879F81F810C5200438DAC /* Debug */ = {
			isa = XCBuildConfiguration;
			buildSettings = {
				ALWAYS_SEARCH_USER_PATHS = NO;
				CLANG_ANALYZER_NONNULL = YES;
				CLANG_ANALYZER_NUMBER_OBJECT_CONVERSION = YES_AGGRESSIVE;
				CLANG_CXX_LANGUAGE_STANDARD = "gnu++14";
				CLANG_CXX_LIBRARY = "libc++";
				CLANG_ENABLE_MODULES = YES;
				CLANG_ENABLE_OBJC_ARC = YES;
				CLANG_WARN_BLOCK_CAPTURE_AUTORELEASING = YES;
				CLANG_WARN_BOOL_CONVERSION = YES;
				CLANG_WARN_COMMA = YES;
				CLANG_WARN_CONSTANT_CONVERSION = YES;
				CLANG_WARN_DIRECT_OBJC_ISA_USAGE = YES_ERROR;
				CLANG_WARN_DOCUMENTATION_COMMENTS = YES;
				CLANG_WARN_EMPTY_BODY = YES;
				CLANG_WARN_ENUM_CONVERSION = YES;
				CLANG_WARN_INFINITE_RECURSION = YES;
				CLANG_WARN_INT_CONVERSION = YES;
				CLANG_WARN_NON_LITERAL_NULL_CONVERSION = YES;
				CLANG_WARN_OBJC_LITERAL_CONVERSION = YES;
				CLANG_WARN_OBJC_ROOT_CLASS = YES_ERROR;
				CLANG_WARN_RANGE_LOOP_ANALYSIS = YES;
				CLANG_WARN_STRICT_PROTOTYPES = YES;
				CLANG_WARN_SUSPICIOUS_MOVE = YES;
				CLANG_WARN_UNGUARDED_AVAILABILITY = YES_AGGRESSIVE;
				CLANG_WARN_UNREACHABLE_CODE = YES;
				CLANG_WARN__DUPLICATE_METHOD_MATCH = YES;
				CODE_SIGN_IDENTITY = "iPhone Developer";
				COPY_PHASE_STRIP = NO;
				DEBUG_INFORMATION_FORMAT = dwarf;
				ENABLE_STRICT_OBJC_MSGSEND = YES;
				ENABLE_TESTABILITY = YES;
				GCC_C_LANGUAGE_STANDARD = gnu11;
				GCC_DYNAMIC_NO_PIC = NO;
				GCC_NO_COMMON_BLOCKS = YES;
				GCC_OPTIMIZATION_LEVEL = 0;
				GCC_PREPROCESSOR_DEFINITIONS = (
					"DEBUG=1",
					"$(inherited)",
				);
				GCC_WARN_64_TO_32_BIT_CONVERSION = YES;
				GCC_WARN_ABOUT_RETURN_TYPE = YES_ERROR;
				GCC_WARN_UNDECLARED_SELECTOR = YES;
				GCC_WARN_UNINITIALIZED_AUTOS = YES_AGGRESSIVE;
				GCC_WARN_UNUSED_FUNCTION = YES;
				GCC_WARN_UNUSED_VARIABLE = YES;
				IPHONEOS_DEPLOYMENT_TARGET = 11.0;
				MTL_ENABLE_DEBUG_INFO = YES;
				ONLY_ACTIVE_ARCH = YES;
				SDKROOT = iphoneos;
				SWIFT_ACTIVE_COMPILATION_CONDITIONS = DEBUG;
				SWIFT_OPTIMIZATION_LEVEL = "-Onone";
			};
			name = Debug;
		};
		152879F91F810C5200438DAC /* Release */ = {
			isa = XCBuildConfiguration;
			buildSettings = {
				ALWAYS_SEARCH_USER_PATHS = NO;
				CLANG_ANALYZER_NONNULL = YES;
				CLANG_ANALYZER_NUMBER_OBJECT_CONVERSION = YES_AGGRESSIVE;
				CLANG_CXX_LANGUAGE_STANDARD = "gnu++14";
				CLANG_CXX_LIBRARY = "libc++";
				CLANG_ENABLE_MODULES = YES;
				CLANG_ENABLE_OBJC_ARC = YES;
				CLANG_WARN_BLOCK_CAPTURE_AUTORELEASING = YES;
				CLANG_WARN_BOOL_CONVERSION = YES;
				CLANG_WARN_COMMA = YES;
				CLANG_WARN_CONSTANT_CONVERSION = YES;
				CLANG_WARN_DIRECT_OBJC_ISA_USAGE = YES_ERROR;
				CLANG_WARN_DOCUMENTATION_COMMENTS = YES;
				CLANG_WARN_EMPTY_BODY = YES;
				CLANG_WARN_ENUM_CONVERSION = YES;
				CLANG_WARN_INFINITE_RECURSION = YES;
				CLANG_WARN_INT_CONVERSION = YES;
				CLANG_WARN_NON_LITERAL_NULL_CONVERSION = YES;
				CLANG_WARN_OBJC_LITERAL_CONVERSION = YES;
				CLANG_WARN_OBJC_ROOT_CLASS = YES_ERROR;
				CLANG_WARN_RANGE_LOOP_ANALYSIS = YES;
				CLANG_WARN_STRICT_PROTOTYPES = YES;
				CLANG_WARN_SUSPICIOUS_MOVE = YES;
				CLANG_WARN_UNGUARDED_AVAILABILITY = YES_AGGRESSIVE;
				CLANG_WARN_UNREACHABLE_CODE = YES;
				CLANG_WARN__DUPLICATE_METHOD_MATCH = YES;
				CODE_SIGN_IDENTITY = "iPhone Developer";
				COPY_PHASE_STRIP = NO;
				DEBUG_INFORMATION_FORMAT = "dwarf-with-dsym";
				ENABLE_NS_ASSERTIONS = NO;
				ENABLE_STRICT_OBJC_MSGSEND = YES;
				GCC_C_LANGUAGE_STANDARD = gnu11;
				GCC_NO_COMMON_BLOCKS = YES;
				GCC_WARN_64_TO_32_BIT_CONVERSION = YES;
				GCC_WARN_ABOUT_RETURN_TYPE = YES_ERROR;
				GCC_WARN_UNDECLARED_SELECTOR = YES;
				GCC_WARN_UNINITIALIZED_AUTOS = YES_AGGRESSIVE;
				GCC_WARN_UNUSED_FUNCTION = YES;
				GCC_WARN_UNUSED_VARIABLE = YES;
				IPHONEOS_DEPLOYMENT_TARGET = 11.0;
				MTL_ENABLE_DEBUG_INFO = NO;
				SDKROOT = iphoneos;
				SWIFT_OPTIMIZATION_LEVEL = "-Owholemodule";
				VALIDATE_PRODUCT = YES;
			};
			name = Release;
		};
		152879FB1F810C5200438DAC /* Debug */ = {
			isa = XCBuildConfiguration;
			buildSettings = {
				ASSETCATALOG_COMPILER_APPICON_NAME = AppIcon;
				CODE_SIGN_STYLE = Automatic;
				DEVELOPMENT_TEAM = CSX5RPDQSJ;
				INFOPLIST_FILE = "geek-vision/Info.plist";
				LD_RUNPATH_SEARCH_PATHS = "$(inherited) @executable_path/Frameworks";
				PRODUCT_BUNDLE_IDENTIFIER = "pro.yousefi.geek-vision";
				PRODUCT_NAME = "$(TARGET_NAME)";
				SWIFT_VERSION = 4.0;
				TARGETED_DEVICE_FAMILY = 1;
			};
			name = Debug;
		};
		152879FC1F810C5200438DAC /* Release */ = {
			isa = XCBuildConfiguration;
			buildSettings = {
				ASSETCATALOG_COMPILER_APPICON_NAME = AppIcon;
				CODE_SIGN_STYLE = Automatic;
				DEVELOPMENT_TEAM = CSX5RPDQSJ;
				INFOPLIST_FILE = "geek-vision/Info.plist";
				LD_RUNPATH_SEARCH_PATHS = "$(inherited) @executable_path/Frameworks";
				PRODUCT_BUNDLE_IDENTIFIER = "pro.yousefi.geek-vision";
				PRODUCT_NAME = "$(TARGET_NAME)";
				SWIFT_VERSION = 4.0;
				TARGETED_DEVICE_FAMILY = 1;
			};
			name = Release;
		};
/* End XCBuildConfiguration section */

/* Begin XCConfigurationList section */
		152879E31F810C5200438DAC /* Build configuration list for PBXProject "geek-vision" */ = {
			isa = XCConfigurationList;
			buildConfigurations = (
				152879F81F810C5200438DAC /* Debug */,
				152879F91F810C5200438DAC /* Release */,
			);
			defaultConfigurationIsVisible = 0;
			defaultConfigurationName = Release;
		};
		152879FA1F810C5200438DAC /* Build configuration list for PBXNativeTarget "geek-vision" */ = {
			isa = XCConfigurationList;
			buildConfigurations = (
				152879FB1F810C5200438DAC /* Debug */,
				152879FC1F810C5200438DAC /* Release */,
			);
			defaultConfigurationIsVisible = 0;
			defaultConfigurationName = Release;
		};
/* End XCConfigurationList section */
	};
	rootObject = 152879E01F810C5200438DAC /* Project object */;
}
